
Microsoft Visual Studio Solution File, Format Version 12.00
# Visual Studio 15
VisualStudioVersion = 15.0.27703.2000
MinimumVisualStudioVersion = 10.0.40219.1
Project("{9A19103F-16F7-4668-BE54-9A1E7A4F7556}") = "SmartHomeAutomation.Domain", "SmartHomeAutomation.Domain\SmartHomeAutomation.Domain.csproj", "{6DF71B0E-5513-477C-B9B0-32F4E6B81F47}"
EndProject
Project("{9A19103F-16F7-4668-BE54-9A1E7A4F7556}") = "SmartHomeAutomation.Api", "SmartHomeAutomation.Api\SmartHomeAutomation.Api.csproj", "{4AF37139-0BCA-4CCE-B32B-7F03B6EA1D19}"
EndProject
Project("{9A19103F-16F7-4668-BE54-9A1E7A4F7556}") = "SmartHomeAutomation.Services", "SmartHomeAutomation.Services\SmartHomeAutomation.Services.csproj", "{0B223573-CB3D-4848-919A-E4E98BB39FEB}"
EndProject
Project("{9A19103F-16F7-4668-BE54-9A1E7A4F7556}") = "SmartHomeAutomation.Services.Tests", "SmartHomeAutomation.Services.Tests\SmartHomeAutomation.Services.Tests.csproj", "{34EEA4A2-5E97-431D-8939-E16E6082E8E3}"
EndProject
Project("{9A19103F-16F7-4668-BE54-9A1E7A4F7556}") = "SmartHomeAutomation.Web", "SmartHomeAutomation.Web\SmartHomeAutomation.Web.csproj", "{B957CFB7-345F-466E-B070-D0DBB0485400}"
EndProject
Project("{FAE04EC0-301F-11D3-BF4B-00C04F79EFBC}") = "CommonLibrary", "CommonLibrary\CommonLibrary.csproj", "{D1294972-25C5-4A27-87B4-C511B0A6C5E8}"
EndProject
Global
	GlobalSection(SolutionConfigurationPlatforms) = preSolution
		Debug|Any CPU = Debug|Any CPU
		Release|Any CPU = Release|Any CPU
	EndGlobalSection
	GlobalSection(ProjectConfigurationPlatforms) = postSolution
		{6DF71B0E-5513-477C-B9B0-32F4E6B81F47}.Debug|Any CPU.ActiveCfg = Debug|Any CPU
		{6DF71B0E-5513-477C-B9B0-32F4E6B81F47}.Debug|Any CPU.Build.0 = Debug|Any CPU
		{6DF71B0E-5513-477C-B9B0-32F4E6B81F47}.Release|Any CPU.ActiveCfg = Release|Any CPU
		{6DF71B0E-5513-477C-B9B0-32F4E6B81F47}.Release|Any CPU.Build.0 = Release|Any CPU
		{4AF37139-0BCA-4CCE-B32B-7F03B6EA1D19}.Debug|Any CPU.ActiveCfg = Debug|Any CPU
		{4AF37139-0BCA-4CCE-B32B-7F03B6EA1D19}.Debug|Any CPU.Build.0 = Debug|Any CPU
		{4AF37139-0BCA-4CCE-B32B-7F03B6EA1D19}.Release|Any CPU.ActiveCfg = Release|Any CPU
		{4AF37139-0BCA-4CCE-B32B-7F03B6EA1D19}.Release|Any CPU.Build.0 = Release|Any CPU
		{0B223573-CB3D-4848-919A-E4E98BB39FEB}.Debug|Any CPU.ActiveCfg = Debug|Any CPU
		{0B223573-CB3D-4848-919A-E4E98BB39FEB}.Debug|Any CPU.Build.0 = Debug|Any CPU
		{0B223573-CB3D-4848-919A-E4E98BB39FEB}.Release|Any CPU.ActiveCfg = Release|Any CPU
		{0B223573-CB3D-4848-919A-E4E98BB39FEB}.Release|Any CPU.Build.0 = Release|Any CPU
		{34EEA4A2-5E97-431D-8939-E16E6082E8E3}.Debug|Any CPU.ActiveCfg = Debug|Any CPU
		{34EEA4A2-5E97-431D-8939-E16E6082E8E3}.Debug|Any CPU.Build.0 = Debug|Any CPU
		{34EEA4A2-5E97-431D-8939-E16E6082E8E3}.Release|Any CPU.ActiveCfg = Release|Any CPU
		{34EEA4A2-5E97-431D-8939-E16E6082E8E3}.Release|Any CPU.Build.0 = Release|Any CPU
		{B957CFB7-345F-466E-B070-D0DBB0485400}.Debug|Any CPU.ActiveCfg = Debug|Any CPU
		{B957CFB7-345F-466E-B070-D0DBB0485400}.Debug|Any CPU.Build.0 = Debug|Any CPU
		{B957CFB7-345F-466E-B070-D0DBB0485400}.Release|Any CPU.ActiveCfg = Release|Any CPU
		{B957CFB7-345F-466E-B070-D0DBB0485400}.Release|Any CPU.Build.0 = Release|Any CPU
		{D1294972-25C5-4A27-87B4-C511B0A6C5E8}.Debug|Any CPU.ActiveCfg = Debug|Any CPU
		{D1294972-25C5-4A27-87B4-C511B0A6C5E8}.Debug|Any CPU.Build.0 = Debug|Any CPU
		{D1294972-25C5-4A27-87B4-C511B0A6C5E8}.Release|Any CPU.ActiveCfg = Release|Any CPU
		{D1294972-25C5-4A27-87B4-C511B0A6C5E8}.Release|Any CPU.Build.0 = Release|Any CPU
	EndGlobalSection
	GlobalSection(SolutionProperties) = preSolution
		HideSolutionNode = FALSE
	EndGlobalSection
	GlobalSection(ExtensibilityGlobals) = postSolution
		SolutionGuid = {843E744B-C86C-47DE-B5DE-D39022CED50F}
	EndGlobalSection
EndGlobal
